// !$*UTF8*$!
{
	archiveVersion = 1;
	classes = {
	};
	objectVersion = 46;
	objects = {

/* Begin PBXBuildFile section */
		9121208918D0D7850079F84A /* Foundation.framework in Frameworks */ = {isa = PBXBuildFile; fileRef = 9121208818D0D7850079F84A /* Foundation.framework */; };
		9121208B18D0D7850079F84A /* CoreGraphics.framework in Frameworks */ = {isa = PBXBuildFile; fileRef = 9121208A18D0D7850079F84A /* CoreGraphics.framework */; };
		9121208D18D0D7850079F84A /* UIKit.framework in Frameworks */ = {isa = PBXBuildFile; fileRef = 9121208C18D0D7850079F84A /* UIKit.framework */; };
		9121209318D0D7850079F84A /* InfoPlist.strings in Resources */ = {isa = PBXBuildFile; fileRef = 9121209118D0D7850079F84A /* InfoPlist.strings */; };
		9121209518D0D7850079F84A /* main.m in Sources */ = {isa = PBXBuildFile; fileRef = 9121209418D0D7850079F84A /* main.m */; };
		9121209918D0D7850079F84A /* DGCAppDelegate.m in Sources */ = {isa = PBXBuildFile; fileRef = 9121209818D0D7850079F84A /* DGCAppDelegate.m */; };
		9121209C18D0D7850079F84A /* Main.storyboard in Resources */ = {isa = PBXBuildFile; fileRef = 9121209A18D0D7850079F84A /* Main.storyboard */; };
		9121209F18D0D7850079F84A /* DGCViewController.m in Sources */ = {isa = PBXBuildFile; fileRef = 9121209E18D0D7850079F84A /* DGCViewController.m */; };
		912120A118D0D7850079F84A /* Images.xcassets in Resources */ = {isa = PBXBuildFile; fileRef = 912120A018D0D7850079F84A /* Images.xcassets */; };
		912120A818D0D7850079F84A /* XCTest.framework in Frameworks */ = {isa = PBXBuildFile; fileRef = 912120A718D0D7850079F84A /* XCTest.framework */; };
		912120A918D0D7850079F84A /* Foundation.framework in Frameworks */ = {isa = PBXBuildFile; fileRef = 9121208818D0D7850079F84A /* Foundation.framework */; };
		912120AA18D0D7850079F84A /* UIKit.framework in Frameworks */ = {isa = PBXBuildFile; fileRef = 9121208C18D0D7850079F84A /* UIKit.framework */; };
		912120B218D0D7850079F84A /* InfoPlist.strings in Resources */ = {isa = PBXBuildFile; fileRef = 912120B018D0D7850079F84A /* InfoPlist.strings */; };
		912120B418D0D7850079F84A /* Coffee_Time_Tests.m in Sources */ = {isa = PBXBuildFile; fileRef = 912120B318D0D7850079F84A /* Coffee_Time_Tests.m */; };
		912120BF18D0D8D50079F84A /* DGCTimerModel.m in Sources */ = {isa = PBXBuildFile; fileRef = 912120BE18D0D8D50079F84A /* DGCTimerModel.m */; };
		912120C218D0E1CC0079F84A /* DGCTimerDetailViewController.m in Sources */ = {isa = PBXBuildFile; fileRef = 912120C118D0E1CC0079F84A /* DGCTimerDetailViewController.m */; };
/* End PBXBuildFile section */

/* Begin PBXContainerItemProxy section */
		912120AB18D0D7850079F84A /* PBXContainerItemProxy */ = {
			isa = PBXContainerItemProxy;
			containerPortal = 9121207D18D0D7850079F84A /* Project object */;
			proxyType = 1;
			remoteGlobalIDString = 9121208418D0D7850079F84A;
			remoteInfo = "Coffee Time!";
		};
/* End PBXContainerItemProxy section */

/* Begin PBXFileReference section */
		9121208518D0D7850079F84A /* Coffee Time!.app */ = {isa = PBXFileReference; explicitFileType = wrapper.application; includeInIndex = 0; path = "Coffee Time!.app"; sourceTree = BUILT_PRODUCTS_DIR; };
		9121208818D0D7850079F84A /* Foundation.framework */ = {isa = PBXFileReference; lastKnownFileType = wrapper.framework; name = Foundation.framework; path = System/Library/Frameworks/Foundation.framework; sourceTree = SDKROOT; };
		9121208A18D0D7850079F84A /* CoreGraphics.framework */ = {isa = PBXFileReference; lastKnownFileType = wrapper.framework; name = CoreGraphics.framework; path = System/Library/Frameworks/CoreGraphics.framework; sourceTree = SDKROOT; };
		9121208C18D0D7850079F84A /* UIKit.framework */ = {isa = PBXFileReference; lastKnownFileType = wrapper.framework; name = UIKit.framework; path = System/Library/Frameworks/UIKit.framework; sourceTree = SDKROOT; };
		9121209018D0D7850079F84A /* Coffee Time!-Info.plist */ = {isa = PBXFileReference; lastKnownFileType = text.plist.xml; path = "Coffee Time!-Info.plist"; sourceTree = "<group>"; };
		9121209218D0D7850079F84A /* en */ = {isa = PBXFileReference; lastKnownFileType = text.plist.strings; name = en; path = en.lproj/InfoPlist.strings; sourceTree = "<group>"; };
		9121209418D0D7850079F84A /* main.m */ = {isa = PBXFileReference; lastKnownFileType = sourcecode.c.objc; path = main.m; sourceTree = "<group>"; };
		9121209618D0D7850079F84A /* Coffee Time!-Prefix.pch */ = {isa = PBXFileReference; lastKnownFileType = sourcecode.c.h; path = "Coffee Time!-Prefix.pch"; sourceTree = "<group>"; };
		9121209718D0D7850079F84A /* DGCAppDelegate.h */ = {isa = PBXFileReference; lastKnownFileType = sourcecode.c.h; path = DGCAppDelegate.h; sourceTree = "<group>"; };
		9121209818D0D7850079F84A /* DGCAppDelegate.m */ = {isa = PBXFileReference; lastKnownFileType = sourcecode.c.objc; path = DGCAppDelegate.m; sourceTree = "<group>"; };
		9121209B18D0D7850079F84A /* Base */ = {isa = PBXFileReference; lastKnownFileType = file.storyboard; name = Base; path = Base.lproj/Main.storyboard; sourceTree = "<group>"; };
		9121209D18D0D7850079F84A /* DGCViewController.h */ = {isa = PBXFileReference; lastKnownFileType = sourcecode.c.h; path = DGCViewController.h; sourceTree = "<group>"; };
		9121209E18D0D7850079F84A /* DGCViewController.m */ = {isa = PBXFileReference; lastKnownFileType = sourcecode.c.objc; path = DGCViewController.m; sourceTree = "<group>"; };
		912120A018D0D7850079F84A /* Images.xcassets */ = {isa = PBXFileReference; lastKnownFileType = folder.assetcatalog; path = Images.xcassets; sourceTree = "<group>"; };
		912120A618D0D7850079F84A /* Coffee Time!Tests.xctest */ = {isa = PBXFileReference; explicitFileType = wrapper.cfbundle; includeInIndex = 0; path = "Coffee Time!Tests.xctest"; sourceTree = BUILT_PRODUCTS_DIR; };
		912120A718D0D7850079F84A /* XCTest.framework */ = {isa = PBXFileReference; lastKnownFileType = wrapper.framework; name = XCTest.framework; path = Library/Frameworks/XCTest.framework; sourceTree = DEVELOPER_DIR; };
		912120AF18D0D7850079F84A /* Coffee Time!Tests-Info.plist */ = {isa = PBXFileReference; lastKnownFileType = text.plist.xml; path = "Coffee Time!Tests-Info.plist"; sourceTree = "<group>"; };
		912120B118D0D7850079F84A /* en */ = {isa = PBXFileReference; lastKnownFileType = text.plist.strings; name = en; path = en.lproj/InfoPlist.strings; sourceTree = "<group>"; };
		912120B318D0D7850079F84A /* Coffee_Time_Tests.m */ = {isa = PBXFileReference; lastKnownFileType = sourcecode.c.objc; path = Coffee_Time_Tests.m; sourceTree = "<group>"; };
		912120BD18D0D8D50079F84A /* DGCTimerModel.h */ = {isa = PBXFileReference; fileEncoding = 4; lastKnownFileType = sourcecode.c.h; path = DGCTimerModel.h; sourceTree = "<group>"; };
		912120BE18D0D8D50079F84A /* DGCTimerModel.m */ = {isa = PBXFileReference; fileEncoding = 4; lastKnownFileType = sourcecode.c.objc; path = DGCTimerModel.m; sourceTree = "<group>"; };
		912120C018D0E1CC0079F84A /* DGCTimerDetailViewController.h */ = {isa = PBXFileReference; fileEncoding = 4; lastKnownFileType = sourcecode.c.h; path = DGCTimerDetailViewController.h; sourceTree = "<group>"; };
		912120C118D0E1CC0079F84A /* DGCTimerDetailViewController.m */ = {isa = PBXFileReference; fileEncoding = 4; lastKnownFileType = sourcecode.c.objc; path = DGCTimerDetailViewController.m; sourceTree = "<group>"; };
/* End PBXFileReference section */

/* Begin PBXFrameworksBuildPhase section */
		9121208218D0D7850079F84A /* Frameworks */ = {
			isa = PBXFrameworksBuildPhase;
			buildActionMask = 2147483647;
			files = (
				9121208B18D0D7850079F84A /* CoreGraphics.framework in Frameworks */,
				9121208D18D0D7850079F84A /* UIKit.framework in Frameworks */,
				9121208918D0D7850079F84A /* Foundation.framework in Frameworks */,
			);
			runOnlyForDeploymentPostprocessing = 0;
		};
		912120A318D0D7850079F84A /* Frameworks */ = {
			isa = PBXFrameworksBuildPhase;
			buildActionMask = 2147483647;
			files = (
				912120A818D0D7850079F84A /* XCTest.framework in Frameworks */,
				912120AA18D0D7850079F84A /* UIKit.framework in Frameworks */,
				912120A918D0D7850079F84A /* Foundation.framework in Frameworks */,
			);
			runOnlyForDeploymentPostprocessing = 0;
		};
/* End PBXFrameworksBuildPhase section */

/* Begin PBXGroup section */
		9121207C18D0D7850079F84A = {
			isa = PBXGroup;
			children = (
				9121208E18D0D7850079F84A /* Coffee Time! */,
				912120AD18D0D7850079F84A /* Coffee Time!Tests */,
				9121208718D0D7850079F84A /* Frameworks */,
				9121208618D0D7850079F84A /* Products */,
			);
			sourceTree = "<group>";
		};
		9121208618D0D7850079F84A /* Products */ = {
			isa = PBXGroup;
			children = (
				9121208518D0D7850079F84A /* Coffee Time!.app */,
				912120A618D0D7850079F84A /* Coffee Time!Tests.xctest */,
			);
			name = Products;
			sourceTree = "<group>";
		};
		9121208718D0D7850079F84A /* Frameworks */ = {
			isa = PBXGroup;
			children = (
				9121208818D0D7850079F84A /* Foundation.framework */,
				9121208A18D0D7850079F84A /* CoreGraphics.framework */,
				9121208C18D0D7850079F84A /* UIKit.framework */,
				912120A718D0D7850079F84A /* XCTest.framework */,
			);
			name = Frameworks;
			sourceTree = "<group>";
		};
		9121208E18D0D7850079F84A /* Coffee Time! */ = {
			isa = PBXGroup;
			children = (
				9121209718D0D7850079F84A /* DGCAppDelegate.h */,
				9121209818D0D7850079F84A /* DGCAppDelegate.m */,
				9121209A18D0D7850079F84A /* Main.storyboard */,
				912120C318D0E27E0079F84A /* View Controllers */,
				912120C418D0E29D0079F84A /* Models */,
				912120A018D0D7850079F84A /* Images.xcassets */,
				9121208F18D0D7850079F84A /* Supporting Files */,
			);
			path = "Coffee Time!";
			sourceTree = "<group>";
		};
		9121208F18D0D7850079F84A /* Supporting Files */ = {
			isa = PBXGroup;
			children = (
				9121209018D0D7850079F84A /* Coffee Time!-Info.plist */,
				9121209118D0D7850079F84A /* InfoPlist.strings */,
				9121209418D0D7850079F84A /* main.m */,
				9121209618D0D7850079F84A /* Coffee Time!-Prefix.pch */,
			);
			name = "Supporting Files";
			sourceTree = "<group>";
		};
		912120AD18D0D7850079F84A /* Coffee Time!Tests */ = {
			isa = PBXGroup;
			children = (
				912120B318D0D7850079F84A /* Coffee_Time_Tests.m */,
				912120AE18D0D7850079F84A /* Supporting Files */,
			);
			path = "Coffee Time!Tests";
			sourceTree = "<group>";
		};
		912120AE18D0D7850079F84A /* Supporting Files */ = {
			isa = PBXGroup;
			children = (
				912120AF18D0D7850079F84A /* Coffee Time!Tests-Info.plist */,
				912120B018D0D7850079F84A /* InfoPlist.strings */,
			);
			name = "Supporting Files";
			sourceTree = "<group>";
		};
		912120C318D0E27E0079F84A /* View Controllers */ = {
			isa = PBXGroup;
			children = (
				9121209D18D0D7850079F84A /* DGCViewController.h */,
				9121209E18D0D7850079F84A /* DGCViewController.m */,
				912120C018D0E1CC0079F84A /* DGCTimerDetailViewController.h */,
				912120C118D0E1CC0079F84A /* DGCTimerDetailViewController.m */,
			);
			name = "View Controllers";
			sourceTree = "<group>";
		};
		912120C418D0E29D0079F84A /* Models */ = {
			isa = PBXGroup;
			children = (
				912120BD18D0D8D50079F84A /* DGCTimerModel.h */,
				912120BE18D0D8D50079F84A /* DGCTimerModel.m */,
			);
			name = Models;
			sourceTree = "<group>";
		};
/* End PBXGroup section */

/* Begin PBXNativeTarget section */
		9121208418D0D7850079F84A /* Coffee Time! */ = {
			isa = PBXNativeTarget;
			buildConfigurationList = 912120B718D0D7850079F84A /* Build configuration list for PBXNativeTarget "Coffee Time!" */;
			buildPhases = (
				9121208118D0D7850079F84A /* Sources */,
				9121208218D0D7850079F84A /* Frameworks */,
				9121208318D0D7850079F84A /* Resources */,
			);
			buildRules = (
			);
			dependencies = (
			);
			name = "Coffee Time!";
			productName = "Coffee Time!";
			productReference = 9121208518D0D7850079F84A /* Coffee Time!.app */;
			productType = "com.apple.product-type.application";
		};
		912120A518D0D7850079F84A /* Coffee Time!Tests */ = {
			isa = PBXNativeTarget;
			buildConfigurationList = 912120BA18D0D7850079F84A /* Build configuration list for PBXNativeTarget "Coffee Time!Tests" */;
			buildPhases = (
				912120A218D0D7850079F84A /* Sources */,
				912120A318D0D7850079F84A /* Frameworks */,
				912120A418D0D7850079F84A /* Resources */,
			);
			buildRules = (
			);
			dependencies = (
				912120AC18D0D7850079F84A /* PBXTargetDependency */,
			);
			name = "Coffee Time!Tests";
			productName = "Coffee Time!Tests";
			productReference = 912120A618D0D7850079F84A /* Coffee Time!Tests.xctest */;
			productType = "com.apple.product-type.bundle.unit-test";
		};
/* End PBXNativeTarget section */

/* Begin PBXProject section */
		9121207D18D0D7850079F84A /* Project object */ = {
			isa = PBXProject;
			attributes = {
				CLASSPREFIX = DGC;
				LastUpgradeCheck = 0500;
				ORGANIZATIONNAME = "RIcky Chang";
				TargetAttributes = {
					912120A518D0D7850079F84A = {
						TestTargetID = 9121208418D0D7850079F84A;
					};
				};
			};
			buildConfigurationList = 9121208018D0D7850079F84A /* Build configuration list for PBXProject "Coffee Time!" */;
			compatibilityVersion = "Xcode 3.2";
			developmentRegion = English;
			hasScannedForEncodings = 0;
			knownRegions = (
				en,
				Base,
			);
			mainGroup = 9121207C18D0D7850079F84A;
			productRefGroup = 9121208618D0D7850079F84A /* Products */;
			projectDirPath = "";
			projectRoot = "";
			targets = (
				9121208418D0D7850079F84A /* Coffee Time! */,
				912120A518D0D7850079F84A /* Coffee Time!Tests */,
			);
		};
/* End PBXProject section */

/* Begin PBXResourcesBuildPhase section */
		9121208318D0D7850079F84A /* Resources */ = {
			isa = PBXResourcesBuildPhase;
			buildActionMask = 2147483647;
			files = (
				912120A118D0D7850079F84A /* Images.xcassets in Resources */,
				9121209318D0D7850079F84A /* InfoPlist.strings in Resources */,
				9121209C18D0D7850079F84A /* Main.storyboard in Resources */,
			);
			runOnlyForDeploymentPostprocessing = 0;
		};
		912120A418D0D7850079F84A /* Resources */ = {
			isa = PBXResourcesBuildPhase;
			buildActionMask = 2147483647;
			files = (
				912120B218D0D7850079F84A /* InfoPlist.strings in Resources */,
			);
			runOnlyForDeploymentPostprocessing = 0;
		};
/* End PBXResourcesBuildPhase section */

/* Begin PBXSourcesBuildPhase section */
		9121208118D0D7850079F84A /* Sources */ = {
			isa = PBXSourcesBuildPhase;
			buildActionMask = 2147483647;
			files = (
				9121209518D0D7850079F84A /* main.m in Sources */,
				9121209918D0D7850079F84A /* DGCAppDelegate.m in Sources */,
				912120C218D0E1CC0079F84A /* DGCTimerDetailViewController.m in Sources */,
				912120BF18D0D8D50079F84A /* DGCTimerModel.m in Sources */,
				9121209F18D0D7850079F84A /* DGCViewController.m in Sources */,
			);
			runOnlyForDeploymentPostprocessing = 0;
		};
		912120A218D0D7850079F84A /* Sources */ = {
			isa = PBXSourcesBuildPhase;
			buildActionMask = 2147483647;
			files = (
				912120B418D0D7850079F84A /* Coffee_Time_Tests.m in Sources */,
			);
			runOnlyForDeploymentPostprocessing = 0;
		};
/* End PBXSourcesBuildPhase section */

/* Begin PBXTargetDependency section */
		912120AC18D0D7850079F84A /* PBXTargetDependency */ = {
			isa = PBXTargetDependency;
			target = 9121208418D0D7850079F84A /* Coffee Time! */;
			targetProxy = 912120AB18D0D7850079F84A /* PBXContainerItemProxy */;
		};
/* End PBXTargetDependency section */

/* Begin PBXVariantGroup section */
		9121209118D0D7850079F84A /* InfoPlist.strings */ = {
			isa = PBXVariantGroup;
			children = (
				9121209218D0D7850079F84A /* en */,
			);
			name = InfoPlist.strings;
			sourceTree = "<group>";
		};
		9121209A18D0D7850079F84A /* Main.storyboard */ = {
			isa = PBXVariantGroup;
			children = (
				9121209B18D0D7850079F84A /* Base */,
			);
			name = Main.storyboard;
			sourceTree = "<group>";
		};
		912120B018D0D7850079F84A /* InfoPlist.strings */ = {
			isa = PBXVariantGroup;
			children = (
				912120B118D0D7850079F84A /* en */,
			);
			name = InfoPlist.strings;
			sourceTree = "<group>";
		};
/* End PBXVariantGroup section */

/* Begin XCBuildConfiguration section */
		912120B518D0D7850079F84A /* Debug */ = {
			isa = XCBuildConfiguration;
			buildSettings = {
				ALWAYS_SEARCH_USER_PATHS = NO;
				ARCHS = "$(ARCHS_STANDARD_INCLUDING_64_BIT)";
				CLANG_CXX_LANGUAGE_STANDARD = "gnu++0x";
				CLANG_CXX_LIBRARY = "libc++";
				CLANG_ENABLE_MODULES = YES;
				CLANG_ENABLE_OBJC_ARC = YES;
				CLANG_WARN_BOOL_CONVERSION = YES;
				CLANG_WARN_CONSTANT_CONVERSION = YES;
				CLANG_WARN_DIRECT_OBJC_ISA_USAGE = YES_ERROR;
				CLANG_WARN_EMPTY_BODY = YES;
				CLANG_WARN_ENUM_CONVERSION = YES;
				CLANG_WARN_INT_CONVERSION = YES;
				CLANG_WARN_OBJC_ROOT_CLASS = YES_ERROR;
				CLANG_WARN__DUPLICATE_METHOD_MATCH = YES;
				"CODE_SIGN_IDENTITY[sdk=iphoneos*]" = "iPhone Developer";
				COPY_PHASE_STRIP = NO;
				GCC_C_LANGUAGE_STANDARD = gnu99;
				GCC_DYNAMIC_NO_PIC = NO;
				GCC_OPTIMIZATION_LEVEL = 0;
				GCC_PREPROCESSOR_DEFINITIONS = (
					"DEBUG=1",
					"$(inherited)",
				);
				GCC_SYMBOLS_PRIVATE_EXTERN = NO;
				GCC_WARN_64_TO_32_BIT_CONVERSION = YES;
				GCC_WARN_ABOUT_RETURN_TYPE = YES_ERROR;
				GCC_WARN_UNDECLARED_SELECTOR = YES;
				GCC_WARN_UNINITIALIZED_AUTOS = YES;
				GCC_WARN_UNUSED_FUNCTION = YES;
				GCC_WARN_UNUSED_VARIABLE = YES;
				IPHONEOS_DEPLOYMENT_TARGET = 7.0;
				ONLY_ACTIVE_ARCH = YES;
				SDKROOT = iphoneos;
			};
			name = Debug;
		};
		912120B618D0D7850079F84A /* Release */ = {
			isa = XCBuildConfiguration;
			buildSettings = {
				ALWAYS_SEARCH_USER_PATHS = NO;
				ARCHS = "$(ARCHS_STANDARD_INCLUDING_64_BIT)";
				CLANG_CXX_LANGUAGE_STANDARD = "gnu++0x";
				CLANG_CXX_LIBRARY = "libc++";
				CLANG_ENABLE_MODULES = YES;
				CLANG_ENABLE_OBJC_ARC = YES;
				CLANG_WARN_BOOL_CONVERSION = YES;
				CLANG_WARN_CONSTANT_CONVERSION = YES;
				CLANG_WARN_DIRECT_OBJC_ISA_USAGE = YES_ERROR;
				CLANG_WARN_EMPTY_BODY = YES;
				CLANG_WARN_ENUM_CONVERSION = YES;
				CLANG_WARN_INT_CONVERSION = YES;
				CLANG_WARN_OBJC_ROOT_CLASS = YES_ERROR;
				CLANG_WARN__DUPLICATE_METHOD_MATCH = YES;
				"CODE_SIGN_IDENTITY[sdk=iphoneos*]" = "iPhone Developer";
				COPY_PHASE_STRIP = YES;
				ENABLE_NS_ASSERTIONS = NO;
				GCC_C_LANGUAGE_STANDARD = gnu99;
				GCC_WARN_64_TO_32_BIT_CONVERSION = YES;
				GCC_WARN_ABOUT_RETURN_TYPE = YES_ERROR;
				GCC_WARN_UNDECLARED_SELECTOR = YES;
				GCC_WARN_UNINITIALIZED_AUTOS = YES;
				GCC_WARN_UNUSED_FUNCTION = YES;
				GCC_WARN_UNUSED_VARIABLE = YES;
				IPHONEOS_DEPLOYMENT_TARGET = 7.0;
				SDKROOT = iphoneos;
				VALIDATE_PRODUCT = YES;
			};
			name = Release;
		};
		912120B818D0D7850079F84A /* Debug */ = {
			isa = XCBuildConfiguration;
			buildSettings = {
				ASSETCATALOG_COMPILER_APPICON_NAME = AppIcon;
				ASSETCATALOG_COMPILER_LAUNCHIMAGE_NAME = LaunchImage;
				GCC_PRECOMPILE_PREFIX_HEADER = YES;
				GCC_PREFIX_HEADER = "Coffee Time!/Coffee Time!-Prefix.pch";
				INFOPLIST_FILE = "Coffee Time!/Coffee Time!-Info.plist";
				PRODUCT_NAME = "$(TARGET_NAME)";
				WRAPPER_EXTENSION = app;
			};
			name = Debug;
		};
		912120B918D0D7850079F84A /* Release */ = {
			isa = XCBuildConfiguration;
			buildSettings = {
				ASSETCATALOG_COMPILER_APPICON_NAME = AppIcon;
				ASSETCATALOG_COMPILER_LAUNCHIMAGE_NAME = LaunchImage;
				GCC_PRECOMPILE_PREFIX_HEADER = YES;
				GCC_PREFIX_HEADER = "Coffee Time!/Coffee Time!-Prefix.pch";
				INFOPLIST_FILE = "Coffee Time!/Coffee Time!-Info.plist";
				PRODUCT_NAME = "$(TARGET_NAME)";
				WRAPPER_EXTENSION = app;
			};
			name = Release;
		};
		912120BB18D0D7850079F84A /* Debug */ = {
			isa = XCBuildConfiguration;
			buildSettings = {
				ARCHS = "$(ARCHS_STANDARD_INCLUDING_64_BIT)";
				BUNDLE_LOADER = "$(BUILT_PRODUCTS_DIR)/Coffee Time!.app/Coffee Time!";
				FRAMEWORK_SEARCH_PATHS = (
					"$(SDKROOT)/Developer/Library/Frameworks",
					"$(inherited)",
					"$(DEVELOPER_FRAMEWORKS_DIR)",
				);
				GCC_PRECOMPILE_PREFIX_HEADER = YES;
				GCC_PREFIX_HEADER = "Coffee Time!/Coffee Time!-Prefix.pch";
				GCC_PREPROCESSOR_DEFINITIONS = (
					"DEBUG=1",
					"$(inherited)",
				);
				INFOPLIST_FILE = "Coffee Time!Tests/Coffee Time!Tests-Info.plist";
				PRODUCT_NAME = "$(TARGET_NAME)";
				TEST_HOST = "$(BUNDLE_LOADER)";
				WRAPPER_EXTENSION = xctest;
			};
			name = Debug;
		};
		912120BC18D0D7850079F84A /* Release */ = {
			isa = XCBuildConfiguration;
			buildSettings = {
				ARCHS = "$(ARCHS_STANDARD_INCLUDING_64_BIT)";
				BUNDLE_LOADER = "$(BUILT_PRODUCTS_DIR)/Coffee Time!.app/Coffee Time!";
				FRAMEWORK_SEARCH_PATHS = (
					"$(SDKROOT)/Developer/Library/Frameworks",
					"$(inherited)",
					"$(DEVELOPER_FRAMEWORKS_DIR)",
				);
				GCC_PRECOMPILE_PREFIX_HEADER = YES;
				GCC_PREFIX_HEADER = "Coffee Time!/Coffee Time!-Prefix.pch";
				INFOPLIST_FILE = "Coffee Time!Tests/Coffee Time!Tests-Info.plist";
				PRODUCT_NAME = "$(TARGET_NAME)";
				TEST_HOST = "$(BUNDLE_LOADER)";
				WRAPPER_EXTENSION = xctest;
			};
			name = Release;
		};
/* End XCBuildConfiguration section */

/* Begin XCConfigurationList section */
		9121208018D0D7850079F84A /* Build configuration list for PBXProject "Coffee Time!" */ = {
			isa = XCConfigurationList;
			buildConfigurations = (
				912120B518D0D7850079F84A /* Debug */,
				912120B618D0D7850079F84A /* Release */,
			);
			defaultConfigurationIsVisible = 0;
			defaultConfigurationName = Release;
		};
		912120B718D0D7850079F84A /* Build configuration list for PBXNativeTarget "Coffee Time!" */ = {
			isa = XCConfigurationList;
			buildConfigurations = (
				912120B818D0D7850079F84A /* Debug */,
				912120B918D0D7850079F84A /* Release */,
			);
			defaultConfigurationIsVisible = 0;
		};
		912120BA18D0D7850079F84A /* Build configuration list for PBXNativeTarget "Coffee Time!Tests" */ = {
			isa = XCConfigurationList;
			buildConfigurations = (
				912120BB18D0D7850079F84A /* Debug */,
				912120BC18D0D7850079F84A /* Release */,
			);
			defaultConfigurationIsVisible = 0;
		};
/* End XCConfigurationList section */
	};
	rootObject = 9121207D18D0D7850079F84A /* Project object */;
}
